
Microsoft Visual Studio Solution File, Format Version 12.00
# Visual Studio Version 17
VisualStudioVersion = 17.14.36301.6 d17.14
MinimumVisualStudioVersion = 10.0.40219.1
Project("{FAE04EC0-301F-11D3-BF4B-00C04F79EFBC}") = "OrangeJuiceBank.Domain", "OrangeJuiceBank.Domain\OrangeJuiceBank.Domain.csproj", "{BADCA7CB-341B-4EFD-B207-AE73A97EA63B}"
EndProject
Global
	GlobalSection(SolutionConfigurationPlatforms) = preSolution
		Debug|Any CPU = Debug|Any CPU
		Release|Any CPU = Release|Any CPU
	EndGlobalSection
	GlobalSection(ProjectConfigurationPlatforms) = postSolution
		{BADCA7CB-341B-4EFD-B207-AE73A97EA63B}.Debug|Any CPU.ActiveCfg = Debug|Any CPU
		{BADCA7CB-341B-4EFD-B207-AE73A97EA63B}.Debug|Any CPU.Build.0 = Debug|Any CPU
		{BADCA7CB-341B-4EFD-B207-AE73A97EA63B}.Release|Any CPU.ActiveCfg = Release|Any CPU
		{BADCA7CB-341B-4EFD-B207-AE73A97EA63B}.Release|Any CPU.Build.0 = Release|Any CPU
	EndGlobalSection
	GlobalSection(SolutionProperties) = preSolution
		HideSolutionNode = FALSE
	EndGlobalSection
	GlobalSection(ExtensibilityGlobals) = postSolution
		SolutionGuid = {DBB9BB4D-68FE-45EA-8006-6CD2C12D8CB5}
	EndGlobalSection
EndGlobal
